
Microsoft Visual Studio Solution File, Format Version 12.00
# Visual Studio Version 17
VisualStudioVersion = 17.4.33213.308
MinimumVisualStudioVersion = 10.0.40219.1
Project("{FAE04EC0-301F-11D3-BF4B-00C04F79EFBC}") = "HomeWork42OOP5(Library)", "HomeWork42OOP5(Library)\HomeWork42OOP5(Library).csproj", "{D38C886B-82B6-4725-BDD4-901CE3EC33CA}"
EndProject
Global
	GlobalSection(SolutionConfigurationPlatforms) = preSolution
		Debug|Any CPU = Debug|Any CPU
		Release|Any CPU = Release|Any CPU
	EndGlobalSection
	GlobalSection(ProjectConfigurationPlatforms) = postSolution
		{D38C886B-82B6-4725-BDD4-901CE3EC33CA}.Debug|Any CPU.ActiveCfg = Debug|Any CPU
		{D38C886B-82B6-4725-BDD4-901CE3EC33CA}.Debug|Any CPU.Build.0 = Debug|Any CPU
		{D38C886B-82B6-4725-BDD4-901CE3EC33CA}.Release|Any CPU.ActiveCfg = Release|Any CPU
		{D38C886B-82B6-4725-BDD4-901CE3EC33CA}.Release|Any CPU.Build.0 = Release|Any CPU
	EndGlobalSection
	GlobalSection(SolutionProperties) = preSolution
		HideSolutionNode = FALSE
	EndGlobalSection
	GlobalSection(ExtensibilityGlobals) = postSolution
		SolutionGuid = {57F71F72-F6BC-4902-9755-4FE26C8FE62B}
	EndGlobalSection
EndGlobal
